
Microsoft Visual Studio Solution File, Format Version 12.00
# Visual Studio Version 16
VisualStudioVersion = 16.0.28922.388
MinimumVisualStudioVersion = 10.0.40219.1
Project("{9A19103F-16F7-4668-BE54-9A1E7A4F7556}") = "WebApplication1", "WebApplication1\WebApplication1.csproj", "{5211A2B0-58D2-40CE-B173-00E36ED247F9}"
EndProject
Project("{9A19103F-16F7-4668-BE54-9A1E7A4F7556}") = "DAL", "DAL\DAL.csproj", "{B443E133-BD31-443F-BC1A-2A6BAC89CA45}"
EndProject
Project("{FAE04EC0-301F-11D3-BF4B-00C04F79EFBC}") = "CMS", "CMS\CMS.csproj", "{5B7B74EA-7DC9-4FD1-832E-30989B1EB2AC}"
EndProject
Global
	GlobalSection(SolutionConfigurationPlatforms) = preSolution
		Debug|Any CPU = Debug|Any CPU
		Release|Any CPU = Release|Any CPU
	EndGlobalSection
	GlobalSection(ProjectConfigurationPlatforms) = postSolution
		{5211A2B0-58D2-40CE-B173-00E36ED247F9}.Debug|Any CPU.ActiveCfg = Debug|Any CPU
		{5211A2B0-58D2-40CE-B173-00E36ED247F9}.Debug|Any CPU.Build.0 = Debug|Any CPU
		{5211A2B0-58D2-40CE-B173-00E36ED247F9}.Release|Any CPU.ActiveCfg = Release|Any CPU
		{5211A2B0-58D2-40CE-B173-00E36ED247F9}.Release|Any CPU.Build.0 = Release|Any CPU
		{B443E133-BD31-443F-BC1A-2A6BAC89CA45}.Debug|Any CPU.ActiveCfg = Debug|Any CPU
		{B443E133-BD31-443F-BC1A-2A6BAC89CA45}.Debug|Any CPU.Build.0 = Debug|Any CPU
		{B443E133-BD31-443F-BC1A-2A6BAC89CA45}.Release|Any CPU.ActiveCfg = Release|Any CPU
		{B443E133-BD31-443F-BC1A-2A6BAC89CA45}.Release|Any CPU.Build.0 = Release|Any CPU
		{5B7B74EA-7DC9-4FD1-832E-30989B1EB2AC}.Debug|Any CPU.ActiveCfg = Debug|Any CPU
		{5B7B74EA-7DC9-4FD1-832E-30989B1EB2AC}.Debug|Any CPU.Build.0 = Debug|Any CPU
		{5B7B74EA-7DC9-4FD1-832E-30989B1EB2AC}.Release|Any CPU.ActiveCfg = Release|Any CPU
		{5B7B74EA-7DC9-4FD1-832E-30989B1EB2AC}.Release|Any CPU.Build.0 = Release|Any CPU
	EndGlobalSection
	GlobalSection(SolutionProperties) = preSolution
		HideSolutionNode = FALSE
	EndGlobalSection
	GlobalSection(ExtensibilityGlobals) = postSolution
		SolutionGuid = {979ACFF2-BDBA-4E87-B969-8D2A1AB24804}
	EndGlobalSection
EndGlobal
